
Microsoft Visual Studio Solution File, Format Version 12.00
Project("{FAE04EC0-301F-11D3-BF4B-00C04F79EFBC}") = "SMD.Web", "src\SMD.Web\SMD.Web.csproj", "{C1472FEE-9BE2-40A5-B54D-4EE67259E7A6}"
EndProject
Project("{2150E333-8FDC-42A3-9474-1A3956D46DE8}") = "Client", "Client", "{A230F540-CE31-4015-9A28-BA9E33AC6B46}"
EndProject
Global
	GlobalSection(SolutionConfigurationPlatforms) = preSolution
		Debug|Any CPU = Debug|Any CPU
		Release|Any CPU = Release|Any CPU
	EndGlobalSection
	GlobalSection(ProjectConfigurationPlatforms) = postSolution
		{C1472FEE-9BE2-40A5-B54D-4EE67259E7A6}.Debug|Any CPU.ActiveCfg = Debug|Any CPU
		{C1472FEE-9BE2-40A5-B54D-4EE67259E7A6}.Debug|Any CPU.Build.0 = Debug|Any CPU
		{C1472FEE-9BE2-40A5-B54D-4EE67259E7A6}.Release|Any CPU.ActiveCfg = Release|Any CPU
		{C1472FEE-9BE2-40A5-B54D-4EE67259E7A6}.Release|Any CPU.Build.0 = Release|Any CPU
	EndGlobalSection
EndGlobal
